// !$*UTF8*$!
{
	archiveVersion = 1;
	classes = {
	};
	objectVersion = 77;
	objects = {

/* Begin PBXBuildFile section */
		A12FF25BBD455E183B114DF0 /* Pods_TrueApp.framework in Frameworks */ = {isa = PBXBuildFile; fileRef = BCD5E3C332DD08426CE4C9D9 /* Pods_TrueApp.framework */; };
		D9E79547A24A2A7BBC75A5CE /* Pods_TrueApp_TrueAppUITests.framework in Frameworks */ = {isa = PBXBuildFile; fileRef = B5F2287917DC503FBE8DC1BE /* Pods_TrueApp_TrueAppUITests.framework */; };
		ECF302C3BFB2D68BF304AC62 /* Pods_TrueAppTests.framework in Frameworks */ = {isa = PBXBuildFile; fileRef = 45624D1F4B6A62C0B0C7A286 /* Pods_TrueAppTests.framework */; };
/* End PBXBuildFile section */

/* Begin PBXContainerItemProxy section */
		DFEBCA702D562D6000FA3E24 /* PBXContainerItemProxy */ = {
			isa = PBXContainerItemProxy;
			containerPortal = DFEBCA512D562D5A00FA3E24 /* Project object */;
			proxyType = 1;
			remoteGlobalIDString = DFEBCA582D562D5B00FA3E24;
			remoteInfo = TrueApp;
		};
		DFEBCA7A2D562D6000FA3E24 /* PBXContainerItemProxy */ = {
			isa = PBXContainerItemProxy;
			containerPortal = DFEBCA512D562D5A00FA3E24 /* Project object */;
			proxyType = 1;
			remoteGlobalIDString = DFEBCA582D562D5B00FA3E24;
			remoteInfo = TrueApp;
		};
/* End PBXContainerItemProxy section */

/* Begin PBXFileReference section */
		4242E5438826DFE27A7F1A2F /* Pods-TrueAppTests.debug.xcconfig */ = {isa = PBXFileReference; includeInIndex = 1; lastKnownFileType = text.xcconfig; name = "Pods-TrueAppTests.debug.xcconfig"; path = "Target Support Files/Pods-TrueAppTests/Pods-TrueAppTests.debug.xcconfig"; sourceTree = "<group>"; };
		45624D1F4B6A62C0B0C7A286 /* Pods_TrueAppTests.framework */ = {isa = PBXFileReference; explicitFileType = wrapper.framework; includeInIndex = 0; path = Pods_TrueAppTests.framework; sourceTree = BUILT_PRODUCTS_DIR; };
		5C7861044D198233CE463432 /* Pods-TrueApp-TrueAppUITests.debug.xcconfig */ = {isa = PBXFileReference; includeInIndex = 1; lastKnownFileType = text.xcconfig; name = "Pods-TrueApp-TrueAppUITests.debug.xcconfig"; path = "Target Support Files/Pods-TrueApp-TrueAppUITests/Pods-TrueApp-TrueAppUITests.debug.xcconfig"; sourceTree = "<group>"; };
		66DEEA21BADFA27BBBCDA805 /* Pods-TrueApp.release.xcconfig */ = {isa = PBXFileReference; includeInIndex = 1; lastKnownFileType = text.xcconfig; name = "Pods-TrueApp.release.xcconfig"; path = "Target Support Files/Pods-TrueApp/Pods-TrueApp.release.xcconfig"; sourceTree = "<group>"; };
		7F683A4AABA184893C466038 /* Pods-TrueApp.debug.xcconfig */ = {isa = PBXFileReference; includeInIndex = 1; lastKnownFileType = text.xcconfig; name = "Pods-TrueApp.debug.xcconfig"; path = "Target Support Files/Pods-TrueApp/Pods-TrueApp.debug.xcconfig"; sourceTree = "<group>"; };
		85D91EE9D4AD7010BDC14894 /* Pods-TrueApp-TrueAppUITests.release.xcconfig */ = {isa = PBXFileReference; includeInIndex = 1; lastKnownFileType = text.xcconfig; name = "Pods-TrueApp-TrueAppUITests.release.xcconfig"; path = "Target Support Files/Pods-TrueApp-TrueAppUITests/Pods-TrueApp-TrueAppUITests.release.xcconfig"; sourceTree = "<group>"; };
		B5F2287917DC503FBE8DC1BE /* Pods_TrueApp_TrueAppUITests.framework */ = {isa = PBXFileReference; explicitFileType = wrapper.framework; includeInIndex = 0; path = Pods_TrueApp_TrueAppUITests.framework; sourceTree = BUILT_PRODUCTS_DIR; };
		BCD5E3C332DD08426CE4C9D9 /* Pods_TrueApp.framework */ = {isa = PBXFileReference; explicitFileType = wrapper.framework; includeInIndex = 0; path = Pods_TrueApp.framework; sourceTree = BUILT_PRODUCTS_DIR; };
		DFEBCA592D562D5B00FA3E24 /* TrueWebApp.app */ = {isa = PBXFileReference; explicitFileType = wrapper.application; includeInIndex = 0; path = TrueWebApp.app; sourceTree = BUILT_PRODUCTS_DIR; };
		DFEBCA6F2D562D6000FA3E24 /* TrueWebAppTests.xctest */ = {isa = PBXFileReference; explicitFileType = wrapper.cfbundle; includeInIndex = 0; path = TrueWebAppTests.xctest; sourceTree = BUILT_PRODUCTS_DIR; };
		DFEBCA792D562D6000FA3E24 /* TrueWebAppUITests.xctest */ = {isa = PBXFileReference; explicitFileType = wrapper.cfbundle; includeInIndex = 0; path = TrueWebAppUITests.xctest; sourceTree = BUILT_PRODUCTS_DIR; };
		EC87D32AB5B58D617E72CEC4 /* Pods-TrueAppTests.release.xcconfig */ = {isa = PBXFileReference; includeInIndex = 1; lastKnownFileType = text.xcconfig; name = "Pods-TrueAppTests.release.xcconfig"; path = "Target Support Files/Pods-TrueAppTests/Pods-TrueAppTests.release.xcconfig"; sourceTree = "<group>"; };
/* End PBXFileReference section */

/* Begin PBXFileSystemSynchronizedBuildFileExceptionSet section */
		DFEBCA812D562D6000FA3E24 /* Exceptions for "TrueWebApp" folder in "TrueWebApp" target */ = {
			isa = PBXFileSystemSynchronizedBuildFileExceptionSet;
			membershipExceptions = (
				Utils/Info.plist,
			);
			target = DFEBCA582D562D5B00FA3E24 /* TrueWebApp */;
		};
/* End PBXFileSystemSynchronizedBuildFileExceptionSet section */

/* Begin PBXFileSystemSynchronizedRootGroup section */
		DFEBCA5B2D562D5B00FA3E24 /* TrueWebApp */ = {
			isa = PBXFileSystemSynchronizedRootGroup;
			exceptions = (
				DFEBCA812D562D6000FA3E24 /* Exceptions for "TrueWebApp" folder in "TrueWebApp" target */,
			);
			path = TrueWebApp;
			sourceTree = "<group>";
		};
		DFEBCA722D562D6000FA3E24 /* TrueAppTests */ = {
			isa = PBXFileSystemSynchronizedRootGroup;
			path = TrueAppTests;
			sourceTree = "<group>";
		};
		DFEBCA7C2D562D6000FA3E24 /* TrueAppUITests */ = {
			isa = PBXFileSystemSynchronizedRootGroup;
			path = TrueAppUITests;
			sourceTree = "<group>";
		};
/* End PBXFileSystemSynchronizedRootGroup section */

/* Begin PBXFrameworksBuildPhase section */
		DFEBCA562D562D5B00FA3E24 /* Frameworks */ = {
			isa = PBXFrameworksBuildPhase;
			buildActionMask = 2147483647;
			files = (
				A12FF25BBD455E183B114DF0 /* Pods_TrueApp.framework in Frameworks */,
			);
			runOnlyForDeploymentPostprocessing = 0;
		};
		DFEBCA6C2D562D6000FA3E24 /* Frameworks */ = {
			isa = PBXFrameworksBuildPhase;
			buildActionMask = 2147483647;
			files = (
				ECF302C3BFB2D68BF304AC62 /* Pods_TrueAppTests.framework in Frameworks */,
			);
			runOnlyForDeploymentPostprocessing = 0;
		};
		DFEBCA762D562D6000FA3E24 /* Frameworks */ = {
			isa = PBXFrameworksBuildPhase;
			buildActionMask = 2147483647;
			files = (
				D9E79547A24A2A7BBC75A5CE /* Pods_TrueApp_TrueAppUITests.framework in Frameworks */,
			);
			runOnlyForDeploymentPostprocessing = 0;
		};
/* End PBXFrameworksBuildPhase section */

/* Begin PBXGroup section */
		1CB7D5D609AD9F3B64064B84 /* Frameworks */ = {
			isa = PBXGroup;
			children = (
				BCD5E3C332DD08426CE4C9D9 /* Pods_TrueApp.framework */,
				B5F2287917DC503FBE8DC1BE /* Pods_TrueApp_TrueAppUITests.framework */,
				45624D1F4B6A62C0B0C7A286 /* Pods_TrueAppTests.framework */,
			);
			name = Frameworks;
			sourceTree = "<group>";
		};
		9E186A605EEDE4AF0C2FA739 /* Pods */ = {
			isa = PBXGroup;
			children = (
				7F683A4AABA184893C466038 /* Pods-TrueApp.debug.xcconfig */,
				66DEEA21BADFA27BBBCDA805 /* Pods-TrueApp.release.xcconfig */,
				5C7861044D198233CE463432 /* Pods-TrueApp-TrueAppUITests.debug.xcconfig */,
				85D91EE9D4AD7010BDC14894 /* Pods-TrueApp-TrueAppUITests.release.xcconfig */,
				4242E5438826DFE27A7F1A2F /* Pods-TrueAppTests.debug.xcconfig */,
				EC87D32AB5B58D617E72CEC4 /* Pods-TrueAppTests.release.xcconfig */,
			);
			path = Pods;
			sourceTree = "<group>";
		};
		DFEBCA502D562D5A00FA3E24 = {
			isa = PBXGroup;
			children = (
				DFEBCA5B2D562D5B00FA3E24 /* TrueWebApp */,
				DFEBCA722D562D6000FA3E24 /* TrueAppTests */,
				DFEBCA7C2D562D6000FA3E24 /* TrueAppUITests */,
				DFEBCA5A2D562D5B00FA3E24 /* Products */,
				9E186A605EEDE4AF0C2FA739 /* Pods */,
				1CB7D5D609AD9F3B64064B84 /* Frameworks */,
			);
			sourceTree = "<group>";
		};
		DFEBCA5A2D562D5B00FA3E24 /* Products */ = {
			isa = PBXGroup;
			children = (
				DFEBCA592D562D5B00FA3E24 /* TrueWebApp.app */,
				DFEBCA6F2D562D6000FA3E24 /* TrueWebAppTests.xctest */,
				DFEBCA792D562D6000FA3E24 /* TrueWebAppUITests.xctest */,
			);
			name = Products;
			sourceTree = "<group>";
		};
/* End PBXGroup section */

/* Begin PBXNativeTarget section */
		DFEBCA582D562D5B00FA3E24 /* TrueWebApp */ = {
			isa = PBXNativeTarget;
			buildConfigurationList = DFEBCA822D562D6000FA3E24 /* Build configuration list for PBXNativeTarget "TrueWebApp" */;
			buildPhases = (
				291E09EF78DE06B88CC9121F /* [CP] Check Pods Manifest.lock */,
				DFEBCA552D562D5B00FA3E24 /* Sources */,
				DFEBCA562D562D5B00FA3E24 /* Frameworks */,
				DFEBCA572D562D5B00FA3E24 /* Resources */,
			);
			buildRules = (
			);
			dependencies = (
			);
			fileSystemSynchronizedGroups = (
				DFEBCA5B2D562D5B00FA3E24 /* TrueWebApp */,
			);
			name = TrueWebApp;
			productName = TrueApp;
			productReference = DFEBCA592D562D5B00FA3E24 /* TrueWebApp.app */;
			productType = "com.apple.product-type.application";
		};
		DFEBCA6E2D562D6000FA3E24 /* TrueWebAppTests */ = {
			isa = PBXNativeTarget;
			buildConfigurationList = DFEBCA872D562D6000FA3E24 /* Build configuration list for PBXNativeTarget "TrueWebAppTests" */;
			buildPhases = (
				C208C4DEFAD5D348FA73DB86 /* [CP] Check Pods Manifest.lock */,
				DFEBCA6B2D562D6000FA3E24 /* Sources */,
				DFEBCA6C2D562D6000FA3E24 /* Frameworks */,
				DFEBCA6D2D562D6000FA3E24 /* Resources */,
			);
			buildRules = (
			);
			dependencies = (
				DFEBCA712D562D6000FA3E24 /* PBXTargetDependency */,
			);
			fileSystemSynchronizedGroups = (
				DFEBCA722D562D6000FA3E24 /* TrueAppTests */,
			);
			name = TrueWebAppTests;
			productName = TrueAppTests;
			productReference = DFEBCA6F2D562D6000FA3E24 /* TrueWebAppTests.xctest */;
			productType = "com.apple.product-type.bundle.unit-test";
		};
		DFEBCA782D562D6000FA3E24 /* TrueWebAppUITests */ = {
			isa = PBXNativeTarget;
			buildConfigurationList = DFEBCA8A2D562D6000FA3E24 /* Build configuration list for PBXNativeTarget "TrueWebAppUITests" */;
			buildPhases = (
				B807351D20E325F296B4D92D /* [CP] Check Pods Manifest.lock */,
				DFEBCA752D562D6000FA3E24 /* Sources */,
				DFEBCA762D562D6000FA3E24 /* Frameworks */,
				DFEBCA772D562D6000FA3E24 /* Resources */,
			);
			buildRules = (
			);
			dependencies = (
				DFEBCA7B2D562D6000FA3E24 /* PBXTargetDependency */,
			);
			fileSystemSynchronizedGroups = (
				DFEBCA7C2D562D6000FA3E24 /* TrueAppUITests */,
			);
			name = TrueWebAppUITests;
			productName = TrueAppUITests;
			productReference = DFEBCA792D562D6000FA3E24 /* TrueWebAppUITests.xctest */;
			productType = "com.apple.product-type.bundle.ui-testing";
		};
/* End PBXNativeTarget section */

/* Begin PBXProject section */
		DFEBCA512D562D5A00FA3E24 /* Project object */ = {
			isa = PBXProject;
			attributes = {
				BuildIndependentTargetsInParallel = 1;
				LastSwiftUpdateCheck = 1620;
				LastUpgradeCheck = 1620;
				TargetAttributes = {
					DFEBCA582D562D5B00FA3E24 = {
						CreatedOnToolsVersion = 16.2;
					};
					DFEBCA6E2D562D6000FA3E24 = {
						CreatedOnToolsVersion = 16.2;
						TestTargetID = DFEBCA582D562D5B00FA3E24;
					};
					DFEBCA782D562D6000FA3E24 = {
						CreatedOnToolsVersion = 16.2;
						TestTargetID = DFEBCA582D562D5B00FA3E24;
					};
				};
			};
			buildConfigurationList = DFEBCA542D562D5A00FA3E24 /* Build configuration list for PBXProject "TrueWebApp" */;
			developmentRegion = en;
			hasScannedForEncodings = 0;
			knownRegions = (
				en,
				Base,
			);
			mainGroup = DFEBCA502D562D5A00FA3E24;
			minimizedProjectReferenceProxies = 1;
			preferredProjectObjectVersion = 77;
			productRefGroup = DFEBCA5A2D562D5B00FA3E24 /* Products */;
			projectDirPath = "";
			projectRoot = "";
			targets = (
				DFEBCA582D562D5B00FA3E24 /* TrueWebApp */,
				DFEBCA6E2D562D6000FA3E24 /* TrueWebAppTests */,
				DFEBCA782D562D6000FA3E24 /* TrueWebAppUITests */,
			);
		};
/* End PBXProject section */

/* Begin PBXResourcesBuildPhase section */
		DFEBCA572D562D5B00FA3E24 /* Resources */ = {
			isa = PBXResourcesBuildPhase;
			buildActionMask = 2147483647;
			files = (
			);
			runOnlyForDeploymentPostprocessing = 0;
		};
		DFEBCA6D2D562D6000FA3E24 /* Resources */ = {
			isa = PBXResourcesBuildPhase;
			buildActionMask = 2147483647;
			files = (
			);
			runOnlyForDeploymentPostprocessing = 0;
		};
		DFEBCA772D562D6000FA3E24 /* Resources */ = {
			isa = PBXResourcesBuildPhase;
			buildActionMask = 2147483647;
			files = (
			);
			runOnlyForDeploymentPostprocessing = 0;
		};
/* End PBXResourcesBuildPhase section */

/* Begin PBXShellScriptBuildPhase section */
		291E09EF78DE06B88CC9121F /* [CP] Check Pods Manifest.lock */ = {
			isa = PBXShellScriptBuildPhase;
			buildActionMask = 2147483647;
			files = (
			);
			inputFileListPaths = (
			);
			inputPaths = (
				"${PODS_PODFILE_DIR_PATH}/Podfile.lock",
				"${PODS_ROOT}/Manifest.lock",
			);
			name = "[CP] Check Pods Manifest.lock";
			outputFileListPaths = (
			);
			outputPaths = (
				"$(DERIVED_FILE_DIR)/Pods-TrueApp-checkManifestLockResult.txt",
			);
			runOnlyForDeploymentPostprocessing = 0;
			shellPath = /bin/sh;
			shellScript = "diff \"${PODS_PODFILE_DIR_PATH}/Podfile.lock\" \"${PODS_ROOT}/Manifest.lock\" > /dev/null\nif [ $? != 0 ] ; then\n    # print error to STDERR\n    echo \"error: The sandbox is not in sync with the Podfile.lock. Run 'pod install' or update your CocoaPods installation.\" >&2\n    exit 1\nfi\n# This output is used by Xcode 'outputs' to avoid re-running this script phase.\necho \"SUCCESS\" > \"${SCRIPT_OUTPUT_FILE_0}\"\n";
			showEnvVarsInLog = 0;
		};
		B807351D20E325F296B4D92D /* [CP] Check Pods Manifest.lock */ = {
			isa = PBXShellScriptBuildPhase;
			buildActionMask = 2147483647;
			files = (
			);
			inputFileListPaths = (
			);
			inputPaths = (
				"${PODS_PODFILE_DIR_PATH}/Podfile.lock",
				"${PODS_ROOT}/Manifest.lock",
			);
			name = "[CP] Check Pods Manifest.lock";
			outputFileListPaths = (
			);
			outputPaths = (
				"$(DERIVED_FILE_DIR)/Pods-TrueApp-TrueAppUITests-checkManifestLockResult.txt",
			);
			runOnlyForDeploymentPostprocessing = 0;
			shellPath = /bin/sh;
			shellScript = "diff \"${PODS_PODFILE_DIR_PATH}/Podfile.lock\" \"${PODS_ROOT}/Manifest.lock\" > /dev/null\nif [ $? != 0 ] ; then\n    # print error to STDERR\n    echo \"error: The sandbox is not in sync with the Podfile.lock. Run 'pod install' or update your CocoaPods installation.\" >&2\n    exit 1\nfi\n# This output is used by Xcode 'outputs' to avoid re-running this script phase.\necho \"SUCCESS\" > \"${SCRIPT_OUTPUT_FILE_0}\"\n";
			showEnvVarsInLog = 0;
		};
		C208C4DEFAD5D348FA73DB86 /* [CP] Check Pods Manifest.lock */ = {
			isa = PBXShellScriptBuildPhase;
			buildActionMask = 2147483647;
			files = (
			);
			inputFileListPaths = (
			);
			inputPaths = (
				"${PODS_PODFILE_DIR_PATH}/Podfile.lock",
				"${PODS_ROOT}/Manifest.lock",
			);
			name = "[CP] Check Pods Manifest.lock";
			outputFileListPaths = (
			);
			outputPaths = (
				"$(DERIVED_FILE_DIR)/Pods-TrueAppTests-checkManifestLockResult.txt",
			);
			runOnlyForDeploymentPostprocessing = 0;
			shellPath = /bin/sh;
			shellScript = "diff \"${PODS_PODFILE_DIR_PATH}/Podfile.lock\" \"${PODS_ROOT}/Manifest.lock\" > /dev/null\nif [ $? != 0 ] ; then\n    # print error to STDERR\n    echo \"error: The sandbox is not in sync with the Podfile.lock. Run 'pod install' or update your CocoaPods installation.\" >&2\n    exit 1\nfi\n# This output is used by Xcode 'outputs' to avoid re-running this script phase.\necho \"SUCCESS\" > \"${SCRIPT_OUTPUT_FILE_0}\"\n";
			showEnvVarsInLog = 0;
		};
/* End PBXShellScriptBuildPhase section */

/* Begin PBXSourcesBuildPhase section */
		DFEBCA552D562D5B00FA3E24 /* Sources */ = {
			isa = PBXSourcesBuildPhase;
			buildActionMask = 2147483647;
			files = (
			);
			runOnlyForDeploymentPostprocessing = 0;
		};
		DFEBCA6B2D562D6000FA3E24 /* Sources */ = {
			isa = PBXSourcesBuildPhase;
			buildActionMask = 2147483647;
			files = (
			);
			runOnlyForDeploymentPostprocessing = 0;
		};
		DFEBCA752D562D6000FA3E24 /* Sources */ = {
			isa = PBXSourcesBuildPhase;
			buildActionMask = 2147483647;
			files = (
			);
			runOnlyForDeploymentPostprocessing = 0;
		};
/* End PBXSourcesBuildPhase section */

/* Begin PBXTargetDependency section */
		DFEBCA712D562D6000FA3E24 /* PBXTargetDependency */ = {
			isa = PBXTargetDependency;
			target = DFEBCA582D562D5B00FA3E24 /* TrueWebApp */;
			targetProxy = DFEBCA702D562D6000FA3E24 /* PBXContainerItemProxy */;
		};
		DFEBCA7B2D562D6000FA3E24 /* PBXTargetDependency */ = {
			isa = PBXTargetDependency;
			target = DFEBCA582D562D5B00FA3E24 /* TrueWebApp */;
			targetProxy = DFEBCA7A2D562D6000FA3E24 /* PBXContainerItemProxy */;
		};
/* End PBXTargetDependency section */

/* Begin XCBuildConfiguration section */
		DFEBCA832D562D6000FA3E24 /* Debug */ = {
			isa = XCBuildConfiguration;
			baseConfigurationReference = 7F683A4AABA184893C466038 /* Pods-TrueApp.debug.xcconfig */;
			buildSettings = {
				ASSETCATALOG_COMPILER_APPICON_NAME = AppIcon;
				ASSETCATALOG_COMPILER_GLOBAL_ACCENT_COLOR_NAME = AccentColor;
				CODE_SIGN_STYLE = Automatic;
				CURRENT_PROJECT_VERSION = 1;
				DEVELOPMENT_TEAM = YQMY45P57M;
				GENERATE_INFOPLIST_FILE = YES;
				INFOPLIST_FILE = TrueWebApp/Utils/Info.plist;
				INFOPLIST_KEY_LSApplicationCategoryType = "";
				INFOPLIST_KEY_UIApplicationSupportsIndirectInputEvents = YES;
				INFOPLIST_KEY_UILaunchStoryboardName = LaunchScreen;
				INFOPLIST_KEY_UIMainStoryboardFile = Main;
				INFOPLIST_KEY_UIStatusBarStyle = "";
				INFOPLIST_KEY_UISupportedInterfaceOrientations_iPad = "UIInterfaceOrientationPortrait UIInterfaceOrientationPortraitUpsideDown UIInterfaceOrientationLandscapeLeft UIInterfaceOrientationLandscapeRight";
				INFOPLIST_KEY_UISupportedInterfaceOrientations_iPhone = "UIInterfaceOrientationPortrait UIInterfaceOrientationLandscapeLeft UIInterfaceOrientationLandscapeRight";
				IPHONEOS_DEPLOYMENT_TARGET = 15.6;
				LD_RUNPATH_SEARCH_PATHS = (
					"$(inherited)",
					"@executable_path/Frameworks",
				);
				MARKETING_VERSION = 1.0;
				PRODUCT_BUNDLE_IDENTIFIER = com.app.truewebapp;
				PRODUCT_NAME = "$(TARGET_NAME)";
				SWIFT_EMIT_LOC_STRINGS = YES;
				SWIFT_VERSION = 5.0;
				TARGETED_DEVICE_FAMILY = "1,2";
			};
			name = Debug;
		};
		DFEBCA842D562D6000FA3E24 /* Release */ = {
			isa = XCBuildConfiguration;
			baseConfigurationReference = 66DEEA21BADFA27BBBCDA805 /* Pods-TrueApp.release.xcconfig */;
			buildSettings = {
				ASSETCATALOG_COMPILER_APPICON_NAME = AppIcon;
				ASSETCATALOG_COMPILER_GLOBAL_ACCENT_COLOR_NAME = AccentColor;
				CODE_SIGN_STYLE = Automatic;
				CURRENT_PROJECT_VERSION = 1;
				DEVELOPMENT_TEAM = YQMY45P57M;
				GENERATE_INFOPLIST_FILE = YES;
				INFOPLIST_FILE = TrueWebApp/Utils/Info.plist;
				INFOPLIST_KEY_LSApplicationCategoryType = "";
				INFOPLIST_KEY_UIApplicationSupportsIndirectInputEvents = YES;
				INFOPLIST_KEY_UILaunchStoryboardName = LaunchScreen;
				INFOPLIST_KEY_UIMainStoryboardFile = Main;
				INFOPLIST_KEY_UIStatusBarStyle = "";
				INFOPLIST_KEY_UISupportedInterfaceOrientations_iPad = "UIInterfaceOrientationPortrait UIInterfaceOrientationPortraitUpsideDown UIInterfaceOrientationLandscapeLeft UIInterfaceOrientationLandscapeRight";
				INFOPLIST_KEY_UISupportedInterfaceOrientations_iPhone = "UIInterfaceOrientationPortrait UIInterfaceOrientationLandscapeLeft UIInterfaceOrientationLandscapeRight";
				IPHONEOS_DEPLOYMENT_TARGET = 15.6;
				LD_RUNPATH_SEARCH_PATHS = (
					"$(inherited)",
					"@executable_path/Frameworks",
				);
				MARKETING_VERSION = 1.0;
				PRODUCT_BUNDLE_IDENTIFIER = com.app.truewebapp;
				PRODUCT_NAME = "$(TARGET_NAME)";
				SWIFT_EMIT_LOC_STRINGS = YES;
				SWIFT_VERSION = 5.0;
				TARGETED_DEVICE_FAMILY = "1,2";
			};
			name = Release;
		};
		DFEBCA852D562D6000FA3E24 /* Debug */ = {
			isa = XCBuildConfiguration;
			buildSettings = {
				ALWAYS_SEARCH_USER_PATHS = NO;
				ASSETCATALOG_COMPILER_GENERATE_SWIFT_ASSET_SYMBOL_EXTENSIONS = YES;
				CLANG_ANALYZER_NONNULL = YES;
				CLANG_ANALYZER_NUMBER_OBJECT_CONVERSION = YES_AGGRESSIVE;
				CLANG_CXX_LANGUAGE_STANDARD = "gnu++20";
				CLANG_ENABLE_MODULES = YES;
				CLANG_ENABLE_OBJC_ARC = YES;
				CLANG_ENABLE_OBJC_WEAK = YES;
				CLANG_WARN_BLOCK_CAPTURE_AUTORELEASING = YES;
				CLANG_WARN_BOOL_CONVERSION = YES;
				CLANG_WARN_COMMA = YES;
				CLANG_WARN_CONSTANT_CONVERSION = YES;
				CLANG_WARN_DEPRECATED_OBJC_IMPLEMENTATIONS = YES;
				CLANG_WARN_DIRECT_OBJC_ISA_USAGE = YES_ERROR;
				CLANG_WARN_DOCUMENTATION_COMMENTS = YES;
				CLANG_WARN_EMPTY_BODY = YES;
				CLANG_WARN_ENUM_CONVERSION = YES;
				CLANG_WARN_INFINITE_RECURSION = YES;
				CLANG_WARN_INT_CONVERSION = YES;
				CLANG_WARN_NON_LITERAL_NULL_CONVERSION = YES;
				CLANG_WARN_OBJC_IMPLICIT_RETAIN_SELF = YES;
				CLANG_WARN_OBJC_LITERAL_CONVERSION = YES;
				CLANG_WARN_OBJC_ROOT_CLASS = YES_ERROR;
				CLANG_WARN_QUOTED_INCLUDE_IN_FRAMEWORK_HEADER = YES;
				CLANG_WARN_RANGE_LOOP_ANALYSIS = YES;
				CLANG_WARN_STRICT_PROTOTYPES = YES;
				CLANG_WARN_SUSPICIOUS_MOVE = YES;
				CLANG_WARN_UNGUARDED_AVAILABILITY = YES_AGGRESSIVE;
				CLANG_WARN_UNREACHABLE_CODE = YES;
				CLANG_WARN__DUPLICATE_METHOD_MATCH = YES;
				COPY_PHASE_STRIP = NO;
				DEBUG_INFORMATION_FORMAT = dwarf;
				ENABLE_STRICT_OBJC_MSGSEND = YES;
				ENABLE_TESTABILITY = YES;
				ENABLE_USER_SCRIPT_SANDBOXING = YES;
				GCC_C_LANGUAGE_STANDARD = gnu17;
				GCC_DYNAMIC_NO_PIC = NO;
				GCC_NO_COMMON_BLOCKS = YES;
				GCC_OPTIMIZATION_LEVEL = 0;
				GCC_PREPROCESSOR_DEFINITIONS = (
					"DEBUG=1",
					"$(inherited)",
				);
				GCC_WARN_64_TO_32_BIT_CONVERSION = YES;
				GCC_WARN_ABOUT_RETURN_TYPE = YES_ERROR;
				GCC_WARN_UNDECLARED_SELECTOR = YES;
				GCC_WARN_UNINITIALIZED_AUTOS = YES_AGGRESSIVE;
				GCC_WARN_UNUSED_FUNCTION = YES;
				GCC_WARN_UNUSED_VARIABLE = YES;
				IPHONEOS_DEPLOYMENT_TARGET = 18.2;
				LOCALIZATION_PREFERS_STRING_CATALOGS = YES;
				MTL_ENABLE_DEBUG_INFO = INCLUDE_SOURCE;
				MTL_FAST_MATH = YES;
				ONLY_ACTIVE_ARCH = YES;
				SDKROOT = iphoneos;
				SWIFT_ACTIVE_COMPILATION_CONDITIONS = "DEBUG $(inherited)";
				SWIFT_OPTIMIZATION_LEVEL = "-Onone";
			};
			name = Debug;
		};
		DFEBCA862D562D6000FA3E24 /* Release */ = {
			isa = XCBuildConfiguration;
			buildSettings = {
				ALWAYS_SEARCH_USER_PATHS = NO;
				ASSETCATALOG_COMPILER_GENERATE_SWIFT_ASSET_SYMBOL_EXTENSIONS = YES;
				CLANG_ANALYZER_NONNULL = YES;
				CLANG_ANALYZER_NUMBER_OBJECT_CONVERSION = YES_AGGRESSIVE;
				CLANG_CXX_LANGUAGE_STANDARD = "gnu++20";
				CLANG_ENABLE_MODULES = YES;
				CLANG_ENABLE_OBJC_ARC = YES;
				CLANG_ENABLE_OBJC_WEAK = YES;
				CLANG_WARN_BLOCK_CAPTURE_AUTORELEASING = YES;
				CLANG_WARN_BOOL_CONVERSION = YES;
				CLANG_WARN_COMMA = YES;
				CLANG_WARN_CONSTANT_CONVERSION = YES;
				CLANG_WARN_DEPRECATED_OBJC_IMPLEMENTATIONS = YES;
				CLANG_WARN_DIRECT_OBJC_ISA_USAGE = YES_ERROR;
				CLANG_WARN_DOCUMENTATION_COMMENTS = YES;
				CLANG_WARN_EMPTY_BODY = YES;
				CLANG_WARN_ENUM_CONVERSION = YES;
				CLANG_WARN_INFINITE_RECURSION = YES;
				CLANG_WARN_INT_CONVERSION = YES;
				CLANG_WARN_NON_LITERAL_NULL_CONVERSION = YES;
				CLANG_WARN_OBJC_IMPLICIT_RETAIN_SELF = YES;
				CLANG_WARN_OBJC_LITERAL_CONVERSION = YES;
				CLANG_WARN_OBJC_ROOT_CLASS = YES_ERROR;
				CLANG_WARN_QUOTED_INCLUDE_IN_FRAMEWORK_HEADER = YES;
				CLANG_WARN_RANGE_LOOP_ANALYSIS = YES;
				CLANG_WARN_STRICT_PROTOTYPES = YES;
				CLANG_WARN_SUSPICIOUS_MOVE = YES;
				CLANG_WARN_UNGUARDED_AVAILABILITY = YES_AGGRESSIVE;
				CLANG_WARN_UNREACHABLE_CODE = YES;
				CLANG_WARN__DUPLICATE_METHOD_MATCH = YES;
				COPY_PHASE_STRIP = NO;
				DEBUG_INFORMATION_FORMAT = "dwarf-with-dsym";
				ENABLE_NS_ASSERTIONS = NO;
				ENABLE_STRICT_OBJC_MSGSEND = YES;
				ENABLE_USER_SCRIPT_SANDBOXING = YES;
				GCC_C_LANGUAGE_STANDARD = gnu17;
				GCC_NO_COMMON_BLOCKS = YES;
				GCC_WARN_64_TO_32_BIT_CONVERSION = YES;
				GCC_WARN_ABOUT_RETURN_TYPE = YES_ERROR;
				GCC_WARN_UNDECLARED_SELECTOR = YES;
				GCC_WARN_UNINITIALIZED_AUTOS = YES_AGGRESSIVE;
				GCC_WARN_UNUSED_FUNCTION = YES;
				GCC_WARN_UNUSED_VARIABLE = YES;
				IPHONEOS_DEPLOYMENT_TARGET = 18.2;
				LOCALIZATION_PREFERS_STRING_CATALOGS = YES;
				MTL_ENABLE_DEBUG_INFO = NO;
				MTL_FAST_MATH = YES;
				SDKROOT = iphoneos;
				SWIFT_COMPILATION_MODE = wholemodule;
				VALIDATE_PRODUCT = YES;
			};
			name = Release;
		};
		DFEBCA882D562D6000FA3E24 /* Debug */ = {
			isa = XCBuildConfiguration;
			baseConfigurationReference = 4242E5438826DFE27A7F1A2F /* Pods-TrueAppTests.debug.xcconfig */;
			buildSettings = {
				BUNDLE_LOADER = "$(TEST_HOST)";
				CODE_SIGN_STYLE = Automatic;
				CURRENT_PROJECT_VERSION = 1;
				GENERATE_INFOPLIST_FILE = YES;
				IPHONEOS_DEPLOYMENT_TARGET = 18.2;
				MARKETING_VERSION = 1.0;
				PRODUCT_BUNDLE_IDENTIFIER = com.TrueAppTests;
				PRODUCT_NAME = "$(TARGET_NAME)";
				SWIFT_EMIT_LOC_STRINGS = NO;
				SWIFT_VERSION = 5.0;
				TARGETED_DEVICE_FAMILY = "1,2";
				TEST_HOST = "$(BUILT_PRODUCTS_DIR)/TrueWebApp.app/$(BUNDLE_EXECUTABLE_FOLDER_PATH)/TrueWebApp";
			};
			name = Debug;
		};
		DFEBCA892D562D6000FA3E24 /* Release */ = {
			isa = XCBuildConfiguration;
			baseConfigurationReference = EC87D32AB5B58D617E72CEC4 /* Pods-TrueAppTests.release.xcconfig */;
			buildSettings = {
				BUNDLE_LOADER = "$(TEST_HOST)";
				CODE_SIGN_STYLE = Automatic;
				CURRENT_PROJECT_VERSION = 1;
				GENERATE_INFOPLIST_FILE = YES;
				IPHONEOS_DEPLOYMENT_TARGET = 18.2;
				MARKETING_VERSION = 1.0;
				PRODUCT_BUNDLE_IDENTIFIER = com.TrueAppTests;
				PRODUCT_NAME = "$(TARGET_NAME)";
				SWIFT_EMIT_LOC_STRINGS = NO;
				SWIFT_VERSION = 5.0;
				TARGETED_DEVICE_FAMILY = "1,2";
				TEST_HOST = "$(BUILT_PRODUCTS_DIR)/TrueWebApp.app/$(BUNDLE_EXECUTABLE_FOLDER_PATH)/TrueWebApp";
			};
			name = Release;
		};
		DFEBCA8B2D562D6000FA3E24 /* Debug */ = {
			isa = XCBuildConfiguration;
			baseConfigurationReference = 5C7861044D198233CE463432 /* Pods-TrueApp-TrueAppUITests.debug.xcconfig */;
			buildSettings = {
				CODE_SIGN_STYLE = Automatic;
				CURRENT_PROJECT_VERSION = 1;
				GENERATE_INFOPLIST_FILE = YES;
				MARKETING_VERSION = 1.0;
				PRODUCT_BUNDLE_IDENTIFIER = com.TrueAppUITests;
				PRODUCT_NAME = "$(TARGET_NAME)";
				SWIFT_EMIT_LOC_STRINGS = NO;
				SWIFT_VERSION = 5.0;
				TARGETED_DEVICE_FAMILY = "1,2";
				TEST_TARGET_NAME = TrueApp;
			};
			name = Debug;
		};
		DFEBCA8C2D562D6000FA3E24 /* Release */ = {
			isa = XCBuildConfiguration;
			baseConfigurationReference = 85D91EE9D4AD7010BDC14894 /* Pods-TrueApp-TrueAppUITests.release.xcconfig */;
			buildSettings = {
				CODE_SIGN_STYLE = Automatic;
				CURRENT_PROJECT_VERSION = 1;
				GENERATE_INFOPLIST_FILE = YES;
				MARKETING_VERSION = 1.0;
				PRODUCT_BUNDLE_IDENTIFIER = com.TrueAppUITests;
				PRODUCT_NAME = "$(TARGET_NAME)";
				SWIFT_EMIT_LOC_STRINGS = NO;
				SWIFT_VERSION = 5.0;
				TARGETED_DEVICE_FAMILY = "1,2";
				TEST_TARGET_NAME = TrueApp;
			};
			name = Release;
		};
/* End XCBuildConfiguration section */

/* Begin XCConfigurationList section */
		DFEBCA542D562D5A00FA3E24 /* Build configuration list for PBXProject "TrueWebApp" */ = {
			isa = XCConfigurationList;
			buildConfigurations = (
				DFEBCA852D562D6000FA3E24 /* Debug */,
				DFEBCA862D562D6000FA3E24 /* Release */,
			);
			defaultConfigurationIsVisible = 0;
			defaultConfigurationName = Release;
		};
		DFEBCA822D562D6000FA3E24 /* Build configuration list for PBXNativeTarget "TrueWebApp" */ = {
			isa = XCConfigurationList;
			buildConfigurations = (
				DFEBCA832D562D6000FA3E24 /* Debug */,
				DFEBCA842D562D6000FA3E24 /* Release */,
			);
			defaultConfigurationIsVisible = 0;
			defaultConfigurationName = Release;
		};
		DFEBCA872D562D6000FA3E24 /* Build configuration list for PBXNativeTarget "TrueWebAppTests" */ = {
			isa = XCConfigurationList;
			buildConfigurations = (
				DFEBCA882D562D6000FA3E24 /* Debug */,
				DFEBCA892D562D6000FA3E24 /* Release */,
			);
			defaultConfigurationIsVisible = 0;
			defaultConfigurationName = Release;
		};
		DFEBCA8A2D562D6000FA3E24 /* Build configuration list for PBXNativeTarget "TrueWebAppUITests" */ = {
			isa = XCConfigurationList;
			buildConfigurations = (
				DFEBCA8B2D562D6000FA3E24 /* Debug */,
				DFEBCA8C2D562D6000FA3E24 /* Release */,
			);
			defaultConfigurationIsVisible = 0;
			defaultConfigurationName = Release;
		};
/* End XCConfigurationList section */
	};
	rootObject = DFEBCA512D562D5A00FA3E24 /* Project object */;
}
